
Microsoft Visual Studio Solution File, Format Version 12.00
# Visual Studio Version 16
VisualStudioVersion = 16.0.34729.46
MinimumVisualStudioVersion = 10.0.40219.1
Project("{FAE04EC0-301F-11D3-BF4B-00C04F79EFBC}") = "Problem 1 - Computer Store", "Problem 1 - Computer Store\Problem 1 - Computer Store.csproj", "{756D3B4E-335D-456E-BE46-93487533EC3A}"
EndProject
Project("{FAE04EC0-301F-11D3-BF4B-00C04F79EFBC}") = "Problem 2. Shoot for the Win", "Problem 2. Shoot for the Win\Problem 2. Shoot for the Win.csproj", "{91256732-B715-46CF-AE3F-A88DB0A5BA9C}"
EndProject
Global
	GlobalSection(SolutionConfigurationPlatforms) = preSolution
		Debug|Any CPU = Debug|Any CPU
		Release|Any CPU = Release|Any CPU
	EndGlobalSection
	GlobalSection(ProjectConfigurationPlatforms) = postSolution
		{756D3B4E-335D-456E-BE46-93487533EC3A}.Debug|Any CPU.ActiveCfg = Debug|Any CPU
		{756D3B4E-335D-456E-BE46-93487533EC3A}.Debug|Any CPU.Build.0 = Debug|Any CPU
		{756D3B4E-335D-456E-BE46-93487533EC3A}.Release|Any CPU.ActiveCfg = Release|Any CPU
		{756D3B4E-335D-456E-BE46-93487533EC3A}.Release|Any CPU.Build.0 = Release|Any CPU
		{91256732-B715-46CF-AE3F-A88DB0A5BA9C}.Debug|Any CPU.ActiveCfg = Debug|Any CPU
		{91256732-B715-46CF-AE3F-A88DB0A5BA9C}.Debug|Any CPU.Build.0 = Debug|Any CPU
		{91256732-B715-46CF-AE3F-A88DB0A5BA9C}.Release|Any CPU.ActiveCfg = Release|Any CPU
		{91256732-B715-46CF-AE3F-A88DB0A5BA9C}.Release|Any CPU.Build.0 = Release|Any CPU
	EndGlobalSection
	GlobalSection(SolutionProperties) = preSolution
		HideSolutionNode = FALSE
	EndGlobalSection
	GlobalSection(ExtensibilityGlobals) = postSolution
		SolutionGuid = {6AEFB8F3-3C35-4F68-8238-09B6B236FDE4}
	EndGlobalSection
EndGlobal
